
Microsoft Visual Studio Solution File, Format Version 12.00
# Visual Studio Version 16
VisualStudioVersion = 16.0.31402.337
MinimumVisualStudioVersion = 10.0.40219.1
Project("{FAE04EC0-301F-11D3-BF4B-00C04F79EFBC}") = "MuayThaiV1", "HotelEconomicoV1\MuayThaiV1.csproj", "{AB83A5DC-A821-4547-A38C-3EE33AB0C2D8}"
EndProject
Global
	GlobalSection(SolutionConfigurationPlatforms) = preSolution
		Debug|Any CPU = Debug|Any CPU
		Release|Any CPU = Release|Any CPU
	EndGlobalSection
	GlobalSection(ProjectConfigurationPlatforms) = postSolution
		{AB83A5DC-A821-4547-A38C-3EE33AB0C2D8}.Debug|Any CPU.ActiveCfg = Debug|Any CPU
		{AB83A5DC-A821-4547-A38C-3EE33AB0C2D8}.Debug|Any CPU.Build.0 = Debug|Any CPU
		{AB83A5DC-A821-4547-A38C-3EE33AB0C2D8}.Release|Any CPU.ActiveCfg = Release|Any CPU
		{AB83A5DC-A821-4547-A38C-3EE33AB0C2D8}.Release|Any CPU.Build.0 = Release|Any CPU
	EndGlobalSection
	GlobalSection(SolutionProperties) = preSolution
		HideSolutionNode = FALSE
	EndGlobalSection
	GlobalSection(ExtensibilityGlobals) = postSolution
		SolutionGuid = {0030694A-C929-4584-AD7D-2B3217AA2A58}
	EndGlobalSection
EndGlobal
